
Microsoft Visual Studio Solution File, Format Version 12.00
# Visual Studio Version 17
VisualStudioVersion = 17.7.34003.232
MinimumVisualStudioVersion = 10.0.40219.1
Project("{FAE04EC0-301F-11D3-BF4B-00C04F79EFBC}") = "PhumlaKamnandi", "PhumlaKamnandi.csproj", "{8C9391E3-B3EC-447F-BF33-8333D8A2359D}"
EndProject
Global
	GlobalSection(SolutionConfigurationPlatforms) = preSolution
		Debug|Any CPU = Debug|Any CPU
		Release|Any CPU = Release|Any CPU
	EndGlobalSection
	GlobalSection(ProjectConfigurationPlatforms) = postSolution
		{8C9391E3-B3EC-447F-BF33-8333D8A2359D}.Debug|Any CPU.ActiveCfg = Debug|Any CPU
		{8C9391E3-B3EC-447F-BF33-8333D8A2359D}.Debug|Any CPU.Build.0 = Debug|Any CPU
		{8C9391E3-B3EC-447F-BF33-8333D8A2359D}.Release|Any CPU.ActiveCfg = Release|Any CPU
		{8C9391E3-B3EC-447F-BF33-8333D8A2359D}.Release|Any CPU.Build.0 = Release|Any CPU
	EndGlobalSection
	GlobalSection(SolutionProperties) = preSolution
		HideSolutionNode = FALSE
	EndGlobalSection
	GlobalSection(ExtensibilityGlobals) = postSolution
		SolutionGuid = {70C4D5A8-3481-4F96-B9B6-701BFC7BD15D}
	EndGlobalSection
EndGlobal
